
Microsoft Visual Studio Solution File, Format Version 12.00
# Visual Studio 14
VisualStudioVersion = 14.0.24720.0
MinimumVisualStudioVersion = 10.0.40219.1
Project("{FAE04EC0-301F-11D3-BF4B-00C04F79EFBC}") = "WeatherApp", "WeatherApp.csproj", "{EAE98561-08FB-43A9-9A39-8865874F40A2}"
EndProject
Project("{FAE04EC0-301F-11D3-BF4B-00C04F79EFBC}") = "WeatherMap.Tests", "WeatherMap.Tests\WeatherMap.Tests.csproj", "{A4FE27AD-2BEC-4119-B981-07590564B6D0}"
EndProject
Global
	GlobalSection(SolutionConfigurationPlatforms) = preSolution
		Debug|Any CPU = Debug|Any CPU
		Release|Any CPU = Release|Any CPU
	EndGlobalSection
	GlobalSection(ProjectConfigurationPlatforms) = postSolution
		{EAE98561-08FB-43A9-9A39-8865874F40A2}.Debug|Any CPU.ActiveCfg = Debug|Any CPU
		{EAE98561-08FB-43A9-9A39-8865874F40A2}.Debug|Any CPU.Build.0 = Debug|Any CPU
		{EAE98561-08FB-43A9-9A39-8865874F40A2}.Release|Any CPU.ActiveCfg = Release|Any CPU
		{EAE98561-08FB-43A9-9A39-8865874F40A2}.Release|Any CPU.Build.0 = Release|Any CPU
		{A4FE27AD-2BEC-4119-B981-07590564B6D0}.Debug|Any CPU.ActiveCfg = Debug|Any CPU
		{A4FE27AD-2BEC-4119-B981-07590564B6D0}.Debug|Any CPU.Build.0 = Debug|Any CPU
		{A4FE27AD-2BEC-4119-B981-07590564B6D0}.Release|Any CPU.ActiveCfg = Release|Any CPU
		{A4FE27AD-2BEC-4119-B981-07590564B6D0}.Release|Any CPU.Build.0 = Release|Any CPU
	EndGlobalSection
	GlobalSection(SolutionProperties) = preSolution
		HideSolutionNode = FALSE
	EndGlobalSection
EndGlobal
